
Microsoft Visual Studio Solution File, Format Version 12.00
# Visual Studio 2013
VisualStudioVersion = 12.0.31101.0
MinimumVisualStudioVersion = 10.0.40219.1
Project("{FAE04EC0-301F-11D3-BF4B-00C04F79EFBC}") = "DataSync_Website", "DataSync_Website\DataSync_Website.csproj", "{FA999F9B-DE28-47CD-9D6B-DE64E4372A1F}"
EndProject
Global
	GlobalSection(SolutionConfigurationPlatforms) = preSolution
		Debug|Any CPU = Debug|Any CPU
		Release|Any CPU = Release|Any CPU
	EndGlobalSection
	GlobalSection(ProjectConfigurationPlatforms) = postSolution
		{FA999F9B-DE28-47CD-9D6B-DE64E4372A1F}.Debug|Any CPU.ActiveCfg = Debug|Any CPU
		{FA999F9B-DE28-47CD-9D6B-DE64E4372A1F}.Debug|Any CPU.Build.0 = Debug|Any CPU
		{FA999F9B-DE28-47CD-9D6B-DE64E4372A1F}.Release|Any CPU.ActiveCfg = Release|Any CPU
		{FA999F9B-DE28-47CD-9D6B-DE64E4372A1F}.Release|Any CPU.Build.0 = Release|Any CPU
	EndGlobalSection
	GlobalSection(SolutionProperties) = preSolution
		HideSolutionNode = FALSE
	EndGlobalSection
EndGlobal
